{
  "name": "tstoys",
  "version": "1.0.0",
  "lockfileVersion": 1,
  "requires": true,
  "dependencies": {
    "@types/node": {
      "version": "10.9.4",
      "resolved": "http://registry.npm.taobao.org/@types/node/download/@types/node-10.9.4.tgz",
      "integrity": "sha1-D0yy3Hwd5glgVTV/cBeQQ8M+mJc=",
      "dev": true
    },
    "typescript": {
      "version": "3.0.3",
      "resolved": "http://registry.npm.taobao.org/typescript/download/typescript-3.0.3.tgz",
      "integrity": "sha1-SFOz4nXs2qJ/eP2kbcJzp+t/wcg=",
      "dev": true
    }
  }
}
